
Microsoft Visual Studio Solution File, Format Version 12.00
# Visual Studio 15
VisualStudioVersion = 15.0.27428.2002
MinimumVisualStudioVersion = 10.0.40219.1
Project("{FAE04EC0-301F-11D3-BF4B-00C04F79EFBC}") = "IToldUSo.SmartContract", "IToldUSo.SmartContract\IToldUSo.SmartContract.csproj", "{69784537-ABF9-4990-9437-2E6CB7180C4B}"
EndProject
Global
	GlobalSection(SolutionConfigurationPlatforms) = preSolution
		Debug|Any CPU = Debug|Any CPU
		Release|Any CPU = Release|Any CPU
	EndGlobalSection
	GlobalSection(ProjectConfigurationPlatforms) = postSolution
		{69784537-ABF9-4990-9437-2E6CB7180C4B}.Debug|Any CPU.ActiveCfg = Debug|Any CPU
		{69784537-ABF9-4990-9437-2E6CB7180C4B}.Debug|Any CPU.Build.0 = Debug|Any CPU
		{69784537-ABF9-4990-9437-2E6CB7180C4B}.Release|Any CPU.ActiveCfg = Release|Any CPU
		{69784537-ABF9-4990-9437-2E6CB7180C4B}.Release|Any CPU.Build.0 = Release|Any CPU
	EndGlobalSection
	GlobalSection(SolutionProperties) = preSolution
		HideSolutionNode = FALSE
	EndGlobalSection
	GlobalSection(ExtensibilityGlobals) = postSolution
		SolutionGuid = {8FA8E084-7E00-4098-8112-EE003AF95BB4}
	EndGlobalSection
EndGlobal
